
Microsoft Visual Studio Solution File, Format Version 12.00
# Visual Studio Version 16
VisualStudioVersion = 16.0.31410.357
MinimumVisualStudioVersion = 10.0.40219.1
Project("{FAE04EC0-301F-11D3-BF4B-00C04F79EFBC}") = "GameProject", "GameProject\GameProject.csproj", "{A483CBC9-42A0-4C9F-853B-0C34D66E9257}"
EndProject
Global
	GlobalSection(SolutionConfigurationPlatforms) = preSolution
		Debug|Any CPU = Debug|Any CPU
		Release|Any CPU = Release|Any CPU
	EndGlobalSection
	GlobalSection(ProjectConfigurationPlatforms) = postSolution
		{A483CBC9-42A0-4C9F-853B-0C34D66E9257}.Debug|Any CPU.ActiveCfg = Debug|Any CPU
		{A483CBC9-42A0-4C9F-853B-0C34D66E9257}.Debug|Any CPU.Build.0 = Debug|Any CPU
		{A483CBC9-42A0-4C9F-853B-0C34D66E9257}.Release|Any CPU.ActiveCfg = Release|Any CPU
		{A483CBC9-42A0-4C9F-853B-0C34D66E9257}.Release|Any CPU.Build.0 = Release|Any CPU
	EndGlobalSection
	GlobalSection(SolutionProperties) = preSolution
		HideSolutionNode = FALSE
	EndGlobalSection
	GlobalSection(ExtensibilityGlobals) = postSolution
		SolutionGuid = {2D63E9F0-41DE-4C70-80EE-2C278152A35F}
	EndGlobalSection
EndGlobal
